// !$*UTF8*$!
{
	archiveVersion = 1;
	classes = {
	};
	objectVersion = 55;
	objects = {

/* Begin PBXBuildFile section */
		B462304C27F6335B00B6D26B /* reminderApp.swift in Sources */ = {isa = PBXBuildFile; fileRef = B462304B27F6335B00B6D26B /* reminderApp.swift */; };
		B462304E27F6335B00B6D26B /* ContentView.swift in Sources */ = {isa = PBXBuildFile; fileRef = B462304D27F6335B00B6D26B /* ContentView.swift */; };
		B462305027F6335E00B6D26B /* Assets.xcassets in Resources */ = {isa = PBXBuildFile; fileRef = B462304F27F6335E00B6D26B /* Assets.xcassets */; };
		B462305327F6335E00B6D26B /* Preview Assets.xcassets in Resources */ = {isa = PBXBuildFile; fileRef = B462305227F6335E00B6D26B /* Preview Assets.xcassets */; };
		B462305C27F634A000B6D26B /* TaskView.swift in Sources */ = {isa = PBXBuildFile; fileRef = B462305B27F634A000B6D26B /* TaskView.swift */; };
		B462305E27F6385A00B6D26B /* TaskCell.swift in Sources */ = {isa = PBXBuildFile; fileRef = B462305D27F6385A00B6D26B /* TaskCell.swift */; };
		B462306127F63AEB00B6D26B /* TasksViewModel.swift in Sources */ = {isa = PBXBuildFile; fileRef = B462306027F63AEB00B6D26B /* TasksViewModel.swift */; };
		B462306327F667DD00B6D26B /* TaskCellViewModel.swift in Sources */ = {isa = PBXBuildFile; fileRef = B462306227F667DD00B6D26B /* TaskCellViewModel.swift */; };
		B462306527F6681A00B6D26B /* Task.swift in Sources */ = {isa = PBXBuildFile; fileRef = B462306427F6681A00B6D26B /* Task.swift */; };
		B462306727F6687800B6D26B /* TaskRepository.swift in Sources */ = {isa = PBXBuildFile; fileRef = B462306627F6687800B6D26B /* TaskRepository.swift */; };
		B462306A27F689D500B6D26B /* Resolver in Frameworks */ = {isa = PBXBuildFile; productRef = B462306927F689D500B6D26B /* Resolver */; };
		B462307827F69DFC00B6D26B /* LocalTaskRepository.swift in Sources */ = {isa = PBXBuildFile; fileRef = B462307727F69DFC00B6D26B /* LocalTaskRepository.swift */; };
		B462307A27F73F8400B6D26B /* GoogleService-Info.plist in Resources */ = {isa = PBXBuildFile; fileRef = B462307927F73F8400B6D26B /* GoogleService-Info.plist */; };
		B462307C27F73FAF00B6D26B /* AppDelegate.swift in Sources */ = {isa = PBXBuildFile; fileRef = B462307B27F73FAF00B6D26B /* AppDelegate.swift */; };
		B462307E27F7493D00B6D26B /* FireStoreTaskRepository.swift in Sources */ = {isa = PBXBuildFile; fileRef = B462307D27F7493D00B6D26B /* FireStoreTaskRepository.swift */; };
		B462308027F7728600B6D26B /* AuthenticationService.swift in Sources */ = {isa = PBXBuildFile; fileRef = B462307F27F7728500B6D26B /* AuthenticationService.swift */; };
		B462308327F7801B00B6D26B /* FirebaseAnalytics in Frameworks */ = {isa = PBXBuildFile; productRef = B462308227F7801B00B6D26B /* FirebaseAnalytics */; };
		B462308527F7801B00B6D26B /* FirebaseAuth in Frameworks */ = {isa = PBXBuildFile; productRef = B462308427F7801B00B6D26B /* FirebaseAuth */; };
		B462308727F7801B00B6D26B /* FirebaseAuthCombine-Community in Frameworks */ = {isa = PBXBuildFile; productRef = B462308627F7801B00B6D26B /* FirebaseAuthCombine-Community */; };
		B462308927F7801B00B6D26B /* FirebaseCrashlytics in Frameworks */ = {isa = PBXBuildFile; productRef = B462308827F7801B00B6D26B /* FirebaseCrashlytics */; };
		B462308B27F7801B00B6D26B /* FirebaseStorage in Frameworks */ = {isa = PBXBuildFile; productRef = B462308A27F7801B00B6D26B /* FirebaseStorage */; };
		B462308D27F7801B00B6D26B /* FirebaseStorageSwift-Beta in Frameworks */ = {isa = PBXBuildFile; productRef = B462308C27F7801B00B6D26B /* FirebaseStorageSwift-Beta */; };
		B462309027F7806E00B6D26B /* FirebaseFirestore in Frameworks */ = {isa = PBXBuildFile; productRef = B462308F27F7806E00B6D26B /* FirebaseFirestore */; };
		B462309227F7806E00B6D26B /* FirebaseFirestoreSwift-Beta in Frameworks */ = {isa = PBXBuildFile; productRef = B462309127F7806E00B6D26B /* FirebaseFirestoreSwift-Beta */; };
		B4A2828427F7BFE4007ABA6A /* AppleSignInButton.swift in Sources */ = {isa = PBXBuildFile; fileRef = B4A2828327F7BFE4007ABA6A /* AppleSignInButton.swift */; };
		B4A2828627F7C218007ABA6A /* SignInView.swift in Sources */ = {isa = PBXBuildFile; fileRef = B4A2828527F7C218007ABA6A /* SignInView.swift */; };
		B4A2828827F7C47E007ABA6A /* AppleSignInButtonCoordinator.swift in Sources */ = {isa = PBXBuildFile; fileRef = B4A2828727F7C47E007ABA6A /* AppleSignInButtonCoordinator.swift */; };
		B4A2828B27F890C4007ABA6A /* EnvironmentKeys.swift in Sources */ = {isa = PBXBuildFile; fileRef = B4A2828A27F890C4007ABA6A /* EnvironmentKeys.swift */; };
/* End PBXBuildFile section */

/* Begin PBXFileReference section */
		B462304827F6335B00B6D26B /* reminder.app */ = {isa = PBXFileReference; explicitFileType = wrapper.application; includeInIndex = 0; path = reminder.app; sourceTree = BUILT_PRODUCTS_DIR; };
		B462304B27F6335B00B6D26B /* reminderApp.swift */ = {isa = PBXFileReference; lastKnownFileType = sourcecode.swift; path = reminderApp.swift; sourceTree = "<group>"; };
		B462304D27F6335B00B6D26B /* ContentView.swift */ = {isa = PBXFileReference; lastKnownFileType = sourcecode.swift; path = ContentView.swift; sourceTree = "<group>"; };
		B462304F27F6335E00B6D26B /* Assets.xcassets */ = {isa = PBXFileReference; lastKnownFileType = folder.assetcatalog; path = Assets.xcassets; sourceTree = "<group>"; };
		B462305227F6335E00B6D26B /* Preview Assets.xcassets */ = {isa = PBXFileReference; lastKnownFileType = folder.assetcatalog; path = "Preview Assets.xcassets"; sourceTree = "<group>"; };
		B462305B27F634A000B6D26B /* TaskView.swift */ = {isa = PBXFileReference; lastKnownFileType = sourcecode.swift; path = TaskView.swift; sourceTree = "<group>"; };
		B462305D27F6385A00B6D26B /* TaskCell.swift */ = {isa = PBXFileReference; lastKnownFileType = sourcecode.swift; path = TaskCell.swift; sourceTree = "<group>"; };
		B462306027F63AEB00B6D26B /* TasksViewModel.swift */ = {isa = PBXFileReference; lastKnownFileType = sourcecode.swift; path = TasksViewModel.swift; sourceTree = "<group>"; };
		B462306227F667DD00B6D26B /* TaskCellViewModel.swift */ = {isa = PBXFileReference; lastKnownFileType = sourcecode.swift; path = TaskCellViewModel.swift; sourceTree = "<group>"; };
		B462306427F6681A00B6D26B /* Task.swift */ = {isa = PBXFileReference; lastKnownFileType = sourcecode.swift; path = Task.swift; sourceTree = "<group>"; };
		B462306627F6687800B6D26B /* TaskRepository.swift */ = {isa = PBXFileReference; lastKnownFileType = sourcecode.swift; path = TaskRepository.swift; sourceTree = "<group>"; };
		B462307727F69DFC00B6D26B /* LocalTaskRepository.swift */ = {isa = PBXFileReference; lastKnownFileType = sourcecode.swift; path = LocalTaskRepository.swift; sourceTree = "<group>"; };
		B462307927F73F8400B6D26B /* GoogleService-Info.plist */ = {isa = PBXFileReference; fileEncoding = 4; lastKnownFileType = text.plist.xml; path = "GoogleService-Info.plist"; sourceTree = "<group>"; };
		B462307B27F73FAF00B6D26B /* AppDelegate.swift */ = {isa = PBXFileReference; lastKnownFileType = sourcecode.swift; path = AppDelegate.swift; sourceTree = "<group>"; };
		B462307D27F7493D00B6D26B /* FireStoreTaskRepository.swift */ = {isa = PBXFileReference; lastKnownFileType = sourcecode.swift; path = FireStoreTaskRepository.swift; sourceTree = "<group>"; };
		B462307F27F7728500B6D26B /* AuthenticationService.swift */ = {isa = PBXFileReference; lastKnownFileType = sourcecode.swift; path = AuthenticationService.swift; sourceTree = "<group>"; };
		B462309327F7BDD600B6D26B /* reminder.entitlements */ = {isa = PBXFileReference; lastKnownFileType = text.plist.entitlements; path = reminder.entitlements; sourceTree = "<group>"; };
		B4A2828327F7BFE4007ABA6A /* AppleSignInButton.swift */ = {isa = PBXFileReference; lastKnownFileType = sourcecode.swift; path = AppleSignInButton.swift; sourceTree = "<group>"; };
		B4A2828527F7C218007ABA6A /* SignInView.swift */ = {isa = PBXFileReference; lastKnownFileType = sourcecode.swift; path = SignInView.swift; sourceTree = "<group>"; };
		B4A2828727F7C47E007ABA6A /* AppleSignInButtonCoordinator.swift */ = {isa = PBXFileReference; lastKnownFileType = sourcecode.swift; path = AppleSignInButtonCoordinator.swift; sourceTree = "<group>"; };
		B4A2828A27F890C4007ABA6A /* EnvironmentKeys.swift */ = {isa = PBXFileReference; lastKnownFileType = sourcecode.swift; path = EnvironmentKeys.swift; sourceTree = "<group>"; };
/* End PBXFileReference section */

/* Begin PBXFrameworksBuildPhase section */
		B462304527F6335B00B6D26B /* Frameworks */ = {
			isa = PBXFrameworksBuildPhase;
			buildActionMask = 2147483647;
			files = (
				B462308327F7801B00B6D26B /* FirebaseAnalytics in Frameworks */,
				B462308527F7801B00B6D26B /* FirebaseAuth in Frameworks */,
				B462308927F7801B00B6D26B /* FirebaseCrashlytics in Frameworks */,
				B462306A27F689D500B6D26B /* Resolver in Frameworks */,
				B462308727F7801B00B6D26B /* FirebaseAuthCombine-Community in Frameworks */,
				B462309027F7806E00B6D26B /* FirebaseFirestore in Frameworks */,
				B462309227F7806E00B6D26B /* FirebaseFirestoreSwift-Beta in Frameworks */,
				B462308D27F7801B00B6D26B /* FirebaseStorageSwift-Beta in Frameworks */,
				B462308B27F7801B00B6D26B /* FirebaseStorage in Frameworks */,
			);
			runOnlyForDeploymentPostprocessing = 0;
		};
/* End PBXFrameworksBuildPhase section */

/* Begin PBXGroup section */
		B462303F27F6335B00B6D26B = {
			isa = PBXGroup;
			children = (
				B462304A27F6335B00B6D26B /* reminder */,
				B462304927F6335B00B6D26B /* Products */,
				B462308E27F7806E00B6D26B /* Frameworks */,
			);
			sourceTree = "<group>";
		};
		B462304927F6335B00B6D26B /* Products */ = {
			isa = PBXGroup;
			children = (
				B462304827F6335B00B6D26B /* reminder.app */,
			);
			name = Products;
			sourceTree = "<group>";
		};
		B462304A27F6335B00B6D26B /* reminder */ = {
			isa = PBXGroup;
			children = (
				B462309327F7BDD600B6D26B /* reminder.entitlements */,
				B462307627F69DC400B6D26B /* Service */,
				B462305A27F6338C00B6D26B /* UI */,
				B462305927F6338700B6D26B /* Domain */,
				B4A2828927F8909E007ABA6A /* Utilities */,
				B462304B27F6335B00B6D26B /* reminderApp.swift */,
				B462307B27F73FAF00B6D26B /* AppDelegate.swift */,
				B462307927F73F8400B6D26B /* GoogleService-Info.plist */,
				B462304F27F6335E00B6D26B /* Assets.xcassets */,
				B462305127F6335E00B6D26B /* Preview Content */,
			);
			path = reminder;
			sourceTree = "<group>";
		};
		B462305127F6335E00B6D26B /* Preview Content */ = {
			isa = PBXGroup;
			children = (
				B462305227F6335E00B6D26B /* Preview Assets.xcassets */,
			);
			path = "Preview Content";
			sourceTree = "<group>";
		};
		B462305927F6338700B6D26B /* Domain */ = {
			isa = PBXGroup;
			children = (
				B462306427F6681A00B6D26B /* Task.swift */,
				B462306627F6687800B6D26B /* TaskRepository.swift */,
			);
			path = Domain;
			sourceTree = "<group>";
		};
		B462305A27F6338C00B6D26B /* UI */ = {
			isa = PBXGroup;
			children = (
				B462305F27F63AD600B6D26B /* ViewModels */,
				B462304D27F6335B00B6D26B /* ContentView.swift */,
				B462305B27F634A000B6D26B /* TaskView.swift */,
				B462305D27F6385A00B6D26B /* TaskCell.swift */,
				B4A2828327F7BFE4007ABA6A /* AppleSignInButton.swift */,
				B4A2828527F7C218007ABA6A /* SignInView.swift */,
				B4A2828727F7C47E007ABA6A /* AppleSignInButtonCoordinator.swift */,
			);
			path = UI;
			sourceTree = "<group>";
		};
		B462305F27F63AD600B6D26B /* ViewModels */ = {
			isa = PBXGroup;
			children = (
				B462306027F63AEB00B6D26B /* TasksViewModel.swift */,
				B462306227F667DD00B6D26B /* TaskCellViewModel.swift */,
			);
			path = ViewModels;
			sourceTree = "<group>";
		};
		B462307627F69DC400B6D26B /* Service */ = {
			isa = PBXGroup;
			children = (
				B462307727F69DFC00B6D26B /* LocalTaskRepository.swift */,
				B462307D27F7493D00B6D26B /* FireStoreTaskRepository.swift */,
				B462307F27F7728500B6D26B /* AuthenticationService.swift */,
			);
			path = Service;
			sourceTree = "<group>";
		};
		B462308E27F7806E00B6D26B /* Frameworks */ = {
			isa = PBXGroup;
			children = (
			);
			name = Frameworks;
			sourceTree = "<group>";
		};
		B4A2828927F8909E007ABA6A /* Utilities */ = {
			isa = PBXGroup;
			children = (
				B4A2828A27F890C4007ABA6A /* EnvironmentKeys.swift */,
			);
			path = Utilities;
			sourceTree = "<group>";
		};
/* End PBXGroup section */

/* Begin PBXNativeTarget section */
		B462304727F6335B00B6D26B /* reminder */ = {
			isa = PBXNativeTarget;
			buildConfigurationList = B462305627F6335E00B6D26B /* Build configuration list for PBXNativeTarget "reminder" */;
			buildPhases = (
				B462304427F6335B00B6D26B /* Sources */,
				B462304527F6335B00B6D26B /* Frameworks */,
				B462304627F6335B00B6D26B /* Resources */,
			);
			buildRules = (
			);
			dependencies = (
			);
			name = reminder;
			packageProductDependencies = (
				B462306927F689D500B6D26B /* Resolver */,
				B462308227F7801B00B6D26B /* FirebaseAnalytics */,
				B462308427F7801B00B6D26B /* FirebaseAuth */,
				B462308627F7801B00B6D26B /* FirebaseAuthCombine-Community */,
				B462308827F7801B00B6D26B /* FirebaseCrashlytics */,
				B462308A27F7801B00B6D26B /* FirebaseStorage */,
				B462308C27F7801B00B6D26B /* FirebaseStorageSwift-Beta */,
				B462308F27F7806E00B6D26B /* FirebaseFirestore */,
				B462309127F7806E00B6D26B /* FirebaseFirestoreSwift-Beta */,
			);
			productName = reminder;
			productReference = B462304827F6335B00B6D26B /* reminder.app */;
			productType = "com.apple.product-type.application";
		};
/* End PBXNativeTarget section */

/* Begin PBXProject section */
		B462304027F6335B00B6D26B /* Project object */ = {
			isa = PBXProject;
			attributes = {
				BuildIndependentTargetsInParallel = 1;
				LastSwiftUpdateCheck = 1320;
				LastUpgradeCheck = 1320;
				TargetAttributes = {
					B462304727F6335B00B6D26B = {
						CreatedOnToolsVersion = 13.2.1;
					};
				};
			};
			buildConfigurationList = B462304327F6335B00B6D26B /* Build configuration list for PBXProject "reminder" */;
			compatibilityVersion = "Xcode 13.0";
			developmentRegion = en;
			hasScannedForEncodings = 0;
			knownRegions = (
				en,
				Base,
			);
			mainGroup = B462303F27F6335B00B6D26B;
			packageReferences = (
				B462306827F689D500B6D26B /* XCRemoteSwiftPackageReference "Resolver" */,
				B462308127F7801B00B6D26B /* XCRemoteSwiftPackageReference "firebase-ios-sdk" */,
			);
			productRefGroup = B462304927F6335B00B6D26B /* Products */;
			projectDirPath = "";
			projectRoot = "";
			targets = (
				B462304727F6335B00B6D26B /* reminder */,
			);
		};
/* End PBXProject section */

/* Begin PBXResourcesBuildPhase section */
		B462304627F6335B00B6D26B /* Resources */ = {
			isa = PBXResourcesBuildPhase;
			buildActionMask = 2147483647;
			files = (
				B462305327F6335E00B6D26B /* Preview Assets.xcassets in Resources */,
				B462305027F6335E00B6D26B /* Assets.xcassets in Resources */,
				B462307A27F73F8400B6D26B /* GoogleService-Info.plist in Resources */,
			);
			runOnlyForDeploymentPostprocessing = 0;
		};
/* End PBXResourcesBuildPhase section */

/* Begin PBXSourcesBuildPhase section */
		B462304427F6335B00B6D26B /* Sources */ = {
			isa = PBXSourcesBuildPhase;
			buildActionMask = 2147483647;
			files = (
				B4A2828427F7BFE4007ABA6A /* AppleSignInButton.swift in Sources */,
				B4A2828B27F890C4007ABA6A /* EnvironmentKeys.swift in Sources */,
				B462305E27F6385A00B6D26B /* TaskCell.swift in Sources */,
				B462305C27F634A000B6D26B /* TaskView.swift in Sources */,
				B462306727F6687800B6D26B /* TaskRepository.swift in Sources */,
				B462308027F7728600B6D26B /* AuthenticationService.swift in Sources */,
				B462304E27F6335B00B6D26B /* ContentView.swift in Sources */,
				B462306327F667DD00B6D26B /* TaskCellViewModel.swift in Sources */,
				B462307827F69DFC00B6D26B /* LocalTaskRepository.swift in Sources */,
				B4A2828627F7C218007ABA6A /* SignInView.swift in Sources */,
				B462304C27F6335B00B6D26B /* reminderApp.swift in Sources */,
				B462306527F6681A00B6D26B /* Task.swift in Sources */,
				B4A2828827F7C47E007ABA6A /* AppleSignInButtonCoordinator.swift in Sources */,
				B462307E27F7493D00B6D26B /* FireStoreTaskRepository.swift in Sources */,
				B462307C27F73FAF00B6D26B /* AppDelegate.swift in Sources */,
				B462306127F63AEB00B6D26B /* TasksViewModel.swift in Sources */,
			);
			runOnlyForDeploymentPostprocessing = 0;
		};
/* End PBXSourcesBuildPhase section */

/* Begin XCBuildConfiguration section */
		B462305427F6335E00B6D26B /* Debug */ = {
			isa = XCBuildConfiguration;
			buildSettings = {
				ALWAYS_SEARCH_USER_PATHS = NO;
				CLANG_ANALYZER_NONNULL = YES;
				CLANG_ANALYZER_NUMBER_OBJECT_CONVERSION = YES_AGGRESSIVE;
				CLANG_CXX_LANGUAGE_STANDARD = "gnu++17";
				CLANG_CXX_LIBRARY = "libc++";
				CLANG_ENABLE_MODULES = YES;
				CLANG_ENABLE_OBJC_ARC = YES;
				CLANG_ENABLE_OBJC_WEAK = YES;
				CLANG_WARN_BLOCK_CAPTURE_AUTORELEASING = YES;
				CLANG_WARN_BOOL_CONVERSION = YES;
				CLANG_WARN_COMMA = YES;
				CLANG_WARN_CONSTANT_CONVERSION = YES;
				CLANG_WARN_DEPRECATED_OBJC_IMPLEMENTATIONS = YES;
				CLANG_WARN_DIRECT_OBJC_ISA_USAGE = YES_ERROR;
				CLANG_WARN_DOCUMENTATION_COMMENTS = YES;
				CLANG_WARN_EMPTY_BODY = YES;
				CLANG_WARN_ENUM_CONVERSION = YES;
				CLANG_WARN_INFINITE_RECURSION = YES;
				CLANG_WARN_INT_CONVERSION = YES;
				CLANG_WARN_NON_LITERAL_NULL_CONVERSION = YES;
				CLANG_WARN_OBJC_IMPLICIT_RETAIN_SELF = YES;
				CLANG_WARN_OBJC_LITERAL_CONVERSION = YES;
				CLANG_WARN_OBJC_ROOT_CLASS = YES_ERROR;
				CLANG_WARN_QUOTED_INCLUDE_IN_FRAMEWORK_HEADER = YES;
				CLANG_WARN_RANGE_LOOP_ANALYSIS = YES;
				CLANG_WARN_STRICT_PROTOTYPES = YES;
				CLANG_WARN_SUSPICIOUS_MOVE = YES;
				CLANG_WARN_UNGUARDED_AVAILABILITY = YES_AGGRESSIVE;
				CLANG_WARN_UNREACHABLE_CODE = YES;
				CLANG_WARN__DUPLICATE_METHOD_MATCH = YES;
				COPY_PHASE_STRIP = NO;
				DEBUG_INFORMATION_FORMAT = dwarf;
				ENABLE_STRICT_OBJC_MSGSEND = YES;
				ENABLE_TESTABILITY = YES;
				GCC_C_LANGUAGE_STANDARD = gnu11;
				GCC_DYNAMIC_NO_PIC = NO;
				GCC_NO_COMMON_BLOCKS = YES;
				GCC_OPTIMIZATION_LEVEL = 0;
				GCC_PREPROCESSOR_DEFINITIONS = (
					"DEBUG=1",
					"$(inherited)",
				);
				GCC_WARN_64_TO_32_BIT_CONVERSION = YES;
				GCC_WARN_ABOUT_RETURN_TYPE = YES_ERROR;
				GCC_WARN_UNDECLARED_SELECTOR = YES;
				GCC_WARN_UNINITIALIZED_AUTOS = YES_AGGRESSIVE;
				GCC_WARN_UNUSED_FUNCTION = YES;
				GCC_WARN_UNUSED_VARIABLE = YES;
				IPHONEOS_DEPLOYMENT_TARGET = 15.0;
				MTL_ENABLE_DEBUG_INFO = INCLUDE_SOURCE;
				MTL_FAST_MATH = YES;
				ONLY_ACTIVE_ARCH = YES;
				SDKROOT = iphoneos;
				SWIFT_ACTIVE_COMPILATION_CONDITIONS = DEBUG;
				SWIFT_OPTIMIZATION_LEVEL = "-Onone";
			};
			name = Debug;
		};
		B462305527F6335E00B6D26B /* Release */ = {
			isa = XCBuildConfiguration;
			buildSettings = {
				ALWAYS_SEARCH_USER_PATHS = NO;
				CLANG_ANALYZER_NONNULL = YES;
				CLANG_ANALYZER_NUMBER_OBJECT_CONVERSION = YES_AGGRESSIVE;
				CLANG_CXX_LANGUAGE_STANDARD = "gnu++17";
				CLANG_CXX_LIBRARY = "libc++";
				CLANG_ENABLE_MODULES = YES;
				CLANG_ENABLE_OBJC_ARC = YES;
				CLANG_ENABLE_OBJC_WEAK = YES;
				CLANG_WARN_BLOCK_CAPTURE_AUTORELEASING = YES;
				CLANG_WARN_BOOL_CONVERSION = YES;
				CLANG_WARN_COMMA = YES;
				CLANG_WARN_CONSTANT_CONVERSION = YES;
				CLANG_WARN_DEPRECATED_OBJC_IMPLEMENTATIONS = YES;
				CLANG_WARN_DIRECT_OBJC_ISA_USAGE = YES_ERROR;
				CLANG_WARN_DOCUMENTATION_COMMENTS = YES;
				CLANG_WARN_EMPTY_BODY = YES;
				CLANG_WARN_ENUM_CONVERSION = YES;
				CLANG_WARN_INFINITE_RECURSION = YES;
				CLANG_WARN_INT_CONVERSION = YES;
				CLANG_WARN_NON_LITERAL_NULL_CONVERSION = YES;
				CLANG_WARN_OBJC_IMPLICIT_RETAIN_SELF = YES;
				CLANG_WARN_OBJC_LITERAL_CONVERSION = YES;
				CLANG_WARN_OBJC_ROOT_CLASS = YES_ERROR;
				CLANG_WARN_QUOTED_INCLUDE_IN_FRAMEWORK_HEADER = YES;
				CLANG_WARN_RANGE_LOOP_ANALYSIS = YES;
				CLANG_WARN_STRICT_PROTOTYPES = YES;
				CLANG_WARN_SUSPICIOUS_MOVE = YES;
				CLANG_WARN_UNGUARDED_AVAILABILITY = YES_AGGRESSIVE;
				CLANG_WARN_UNREACHABLE_CODE = YES;
				CLANG_WARN__DUPLICATE_METHOD_MATCH = YES;
				COPY_PHASE_STRIP = NO;
				DEBUG_INFORMATION_FORMAT = "dwarf-with-dsym";
				ENABLE_NS_ASSERTIONS = NO;
				ENABLE_STRICT_OBJC_MSGSEND = YES;
				GCC_C_LANGUAGE_STANDARD = gnu11;
				GCC_NO_COMMON_BLOCKS = YES;
				GCC_WARN_64_TO_32_BIT_CONVERSION = YES;
				GCC_WARN_ABOUT_RETURN_TYPE = YES_ERROR;
				GCC_WARN_UNDECLARED_SELECTOR = YES;
				GCC_WARN_UNINITIALIZED_AUTOS = YES_AGGRESSIVE;
				GCC_WARN_UNUSED_FUNCTION = YES;
				GCC_WARN_UNUSED_VARIABLE = YES;
				IPHONEOS_DEPLOYMENT_TARGET = 15.0;
				MTL_ENABLE_DEBUG_INFO = NO;
				MTL_FAST_MATH = YES;
				SDKROOT = iphoneos;
				SWIFT_COMPILATION_MODE = wholemodule;
				SWIFT_OPTIMIZATION_LEVEL = "-O";
				VALIDATE_PRODUCT = YES;
			};
			name = Release;
		};
		B462305727F6335E00B6D26B /* Debug */ = {
			isa = XCBuildConfiguration;
			buildSettings = {
				ASSETCATALOG_COMPILER_APPICON_NAME = AppIcon;
				ASSETCATALOG_COMPILER_GLOBAL_ACCENT_COLOR_NAME = AccentColor;
				CODE_SIGN_ENTITLEMENTS = reminder/reminder.entitlements;
				CODE_SIGN_STYLE = Automatic;
				CURRENT_PROJECT_VERSION = 1;
				DEVELOPMENT_ASSET_PATHS = "\"reminder/Preview Content\"";
				DEVELOPMENT_TEAM = FL29S3YYFY;
				ENABLE_PREVIEWS = YES;
				GENERATE_INFOPLIST_FILE = YES;
				INFOPLIST_KEY_UIApplicationSceneManifest_Generation = YES;
				INFOPLIST_KEY_UIApplicationSupportsIndirectInputEvents = YES;
				INFOPLIST_KEY_UILaunchScreen_Generation = YES;
				INFOPLIST_KEY_UISupportedInterfaceOrientations_iPad = "UIInterfaceOrientationPortrait UIInterfaceOrientationPortraitUpsideDown UIInterfaceOrientationLandscapeLeft UIInterfaceOrientationLandscapeRight";
				INFOPLIST_KEY_UISupportedInterfaceOrientations_iPhone = "UIInterfaceOrientationPortrait UIInterfaceOrientationLandscapeLeft UIInterfaceOrientationLandscapeRight";
				IPHONEOS_DEPLOYMENT_TARGET = 15.0;
				LD_RUNPATH_SEARCH_PATHS = (
					"$(inherited)",
					"@executable_path/Frameworks",
				);
				MARKETING_VERSION = 1.0;
				PRODUCT_BUNDLE_IDENTIFIER = com.tantt.reminder;
				PRODUCT_NAME = "$(TARGET_NAME)";
				SWIFT_EMIT_LOC_STRINGS = YES;
				SWIFT_VERSION = 5.0;
				TARGETED_DEVICE_FAMILY = "1,2";
			};
			name = Debug;
		};
		B462305827F6335E00B6D26B /* Release */ = {
			isa = XCBuildConfiguration;
			buildSettings = {
				ASSETCATALOG_COMPILER_APPICON_NAME = AppIcon;
				ASSETCATALOG_COMPILER_GLOBAL_ACCENT_COLOR_NAME = AccentColor;
				CODE_SIGN_ENTITLEMENTS = reminder/reminder.entitlements;
				CODE_SIGN_STYLE = Automatic;
				CURRENT_PROJECT_VERSION = 1;
				DEVELOPMENT_ASSET_PATHS = "\"reminder/Preview Content\"";
				DEVELOPMENT_TEAM = FL29S3YYFY;
				ENABLE_PREVIEWS = YES;
				GENERATE_INFOPLIST_FILE = YES;
				INFOPLIST_KEY_UIApplicationSceneManifest_Generation = YES;
				INFOPLIST_KEY_UIApplicationSupportsIndirectInputEvents = YES;
				INFOPLIST_KEY_UILaunchScreen_Generation = YES;
				INFOPLIST_KEY_UISupportedInterfaceOrientations_iPad = "UIInterfaceOrientationPortrait UIInterfaceOrientationPortraitUpsideDown UIInterfaceOrientationLandscapeLeft UIInterfaceOrientationLandscapeRight";
				INFOPLIST_KEY_UISupportedInterfaceOrientations_iPhone = "UIInterfaceOrientationPortrait UIInterfaceOrientationLandscapeLeft UIInterfaceOrientationLandscapeRight";
				IPHONEOS_DEPLOYMENT_TARGET = 15.0;
				LD_RUNPATH_SEARCH_PATHS = (
					"$(inherited)",
					"@executable_path/Frameworks",
				);
				MARKETING_VERSION = 1.0;
				PRODUCT_BUNDLE_IDENTIFIER = com.tantt.reminder;
				PRODUCT_NAME = "$(TARGET_NAME)";
				SWIFT_EMIT_LOC_STRINGS = YES;
				SWIFT_VERSION = 5.0;
				TARGETED_DEVICE_FAMILY = "1,2";
			};
			name = Release;
		};
/* End XCBuildConfiguration section */

/* Begin XCConfigurationList section */
		B462304327F6335B00B6D26B /* Build configuration list for PBXProject "reminder" */ = {
			isa = XCConfigurationList;
			buildConfigurations = (
				B462305427F6335E00B6D26B /* Debug */,
				B462305527F6335E00B6D26B /* Release */,
			);
			defaultConfigurationIsVisible = 0;
			defaultConfigurationName = Release;
		};
		B462305627F6335E00B6D26B /* Build configuration list for PBXNativeTarget "reminder" */ = {
			isa = XCConfigurationList;
			buildConfigurations = (
				B462305727F6335E00B6D26B /* Debug */,
				B462305827F6335E00B6D26B /* Release */,
			);
			defaultConfigurationIsVisible = 0;
			defaultConfigurationName = Release;
		};
/* End XCConfigurationList section */

/* Begin XCRemoteSwiftPackageReference section */
		B462306827F689D500B6D26B /* XCRemoteSwiftPackageReference "Resolver" */ = {
			isa = XCRemoteSwiftPackageReference;
			repositoryURL = "https://github.com/hmlongco/Resolver.git";
			requirement = {
				branch = master;
				kind = branch;
			};
		};
		B462308127F7801B00B6D26B /* XCRemoteSwiftPackageReference "firebase-ios-sdk" */ = {
			isa = XCRemoteSwiftPackageReference;
			repositoryURL = "https://github.com/firebase/firebase-ios-sdk";
			requirement = {
				branch = master;
				kind = branch;
			};
		};
/* End XCRemoteSwiftPackageReference section */

/* Begin XCSwiftPackageProductDependency section */
		B462306927F689D500B6D26B /* Resolver */ = {
			isa = XCSwiftPackageProductDependency;
			package = B462306827F689D500B6D26B /* XCRemoteSwiftPackageReference "Resolver" */;
			productName = Resolver;
		};
		B462308227F7801B00B6D26B /* FirebaseAnalytics */ = {
			isa = XCSwiftPackageProductDependency;
			package = B462308127F7801B00B6D26B /* XCRemoteSwiftPackageReference "firebase-ios-sdk" */;
			productName = FirebaseAnalytics;
		};
		B462308427F7801B00B6D26B /* FirebaseAuth */ = {
			isa = XCSwiftPackageProductDependency;
			package = B462308127F7801B00B6D26B /* XCRemoteSwiftPackageReference "firebase-ios-sdk" */;
			productName = FirebaseAuth;
		};
		B462308627F7801B00B6D26B /* FirebaseAuthCombine-Community */ = {
			isa = XCSwiftPackageProductDependency;
			package = B462308127F7801B00B6D26B /* XCRemoteSwiftPackageReference "firebase-ios-sdk" */;
			productName = "FirebaseAuthCombine-Community";
		};
		B462308827F7801B00B6D26B /* FirebaseCrashlytics */ = {
			isa = XCSwiftPackageProductDependency;
			package = B462308127F7801B00B6D26B /* XCRemoteSwiftPackageReference "firebase-ios-sdk" */;
			productName = FirebaseCrashlytics;
		};
		B462308A27F7801B00B6D26B /* FirebaseStorage */ = {
			isa = XCSwiftPackageProductDependency;
			package = B462308127F7801B00B6D26B /* XCRemoteSwiftPackageReference "firebase-ios-sdk" */;
			productName = FirebaseStorage;
		};
		B462308C27F7801B00B6D26B /* FirebaseStorageSwift-Beta */ = {
			isa = XCSwiftPackageProductDependency;
			package = B462308127F7801B00B6D26B /* XCRemoteSwiftPackageReference "firebase-ios-sdk" */;
			productName = "FirebaseStorageSwift-Beta";
		};
		B462308F27F7806E00B6D26B /* FirebaseFirestore */ = {
			isa = XCSwiftPackageProductDependency;
			package = B462308127F7801B00B6D26B /* XCRemoteSwiftPackageReference "firebase-ios-sdk" */;
			productName = FirebaseFirestore;
		};
		B462309127F7806E00B6D26B /* FirebaseFirestoreSwift-Beta */ = {
			isa = XCSwiftPackageProductDependency;
			package = B462308127F7801B00B6D26B /* XCRemoteSwiftPackageReference "firebase-ios-sdk" */;
			productName = "FirebaseFirestoreSwift-Beta";
		};
/* End XCSwiftPackageProductDependency section */
	};
	rootObject = B462304027F6335B00B6D26B /* Project object */;
}
